github.com/BurntSushi/toml v1.6.0 h1:dRaEfpa2VI55EwlIW72hMRHdWouJeRF7TPYhI+AUQjk=
github.com/BurntSushi/toml v1.6.0/go.mod h1:ukJfTF/6rtPPRCnwkur4qwRxa8vTRFBF0uk2lLoLwho=
github.com/danieljustus/symaira-corekit v0.6.0 h1:ar6rn6wu7+A9oVfPHfuk8/Mj0hxr1+3gJH+otqdstYw=
github.com/danieljustus/symaira-corekit v0.6.0/go.mod h1:45ccz9S14g649OsZyzfgLp77od3WImLRPHaeO414fng=
